
Microsoft Visual Studio Solution File, Format Version 12.00
# Visual Studio Version 16
VisualStudioVersion = 16.0.31005.135
MinimumVisualStudioVersion = 10.0.40219.1
Project("{9A19103F-16F7-4668-BE54-9A1E7A4F7556}") = "XamarinFormsTutorial", "XamarinFormsTutorial\XamarinFormsTutorial\XamarinFormsTutorial.csproj", "{826B1CE6-0D09-43BB-80C2-285054CDD255}"
EndProject
Project("{FAE04EC0-301F-11D3-BF4B-00C04F79EFBC}") = "XamarinFormsTutorial.Android", "XamarinFormsTutorial\XamarinFormsTutorial.Android\XamarinFormsTutorial.Android.csproj", "{17974CD4-7AEE-461B-9F7B-7C7A40ABF1D5}"
EndProject
Project("{FAE04EC0-301F-11D3-BF4B-00C04F79EFBC}") = "XamarinFormsTutorial.iOS", "XamarinFormsTutorial\XamarinFormsTutorial.iOS\XamarinFormsTutorial.iOS.csproj", "{53A28D38-5938-4DB9-A06B-C150CD50CCA4}"
EndProject
Global
	GlobalSection(SolutionConfigurationPlatforms) = preSolution
		Ad-Hoc|Any CPU = Ad-Hoc|Any CPU
		Ad-Hoc|iPhone = Ad-Hoc|iPhone
		Ad-Hoc|iPhoneSimulator = Ad-Hoc|iPhoneSimulator
		Ad-Hoc|x64 = Ad-Hoc|x64
		AppStore|Any CPU = AppStore|Any CPU
		AppStore|iPhone = AppStore|iPhone
		AppStore|iPhoneSimulator = AppStore|iPhoneSimulator
		AppStore|x64 = AppStore|x64
		Debug|Any CPU = Debug|Any CPU
		Debug|iPhone = Debug|iPhone
		Debug|iPhoneSimulator = Debug|iPhoneSimulator
		Debug|x64 = Debug|x64
		Release|Any CPU = Release|Any CPU
		Release|iPhone = Release|iPhone
		Release|iPhoneSimulator = Release|iPhoneSimulator
		Release|x64 = Release|x64
	EndGlobalSection
	GlobalSection(ProjectConfigurationPlatforms) = postSolution
		{826B1CE6-0D09-43BB-80C2-285054CDD255}.Ad-Hoc|Any CPU.ActiveCfg = Debug|Any CPU
		{826B1CE6-0D09-43BB-80C2-285054CDD255}.Ad-Hoc|Any CPU.Build.0 = Debug|Any CPU
		{826B1CE6-0D09-43BB-80C2-285054CDD255}.Ad-Hoc|iPhone.ActiveCfg = Debug|Any CPU
		{826B1CE6-0D09-43BB-80C2-285054CDD255}.Ad-Hoc|iPhone.Build.0 = Debug|Any CPU
		{826B1CE6-0D09-43BB-80C2-285054CDD255}.Ad-Hoc|iPhoneSimulator.ActiveCfg = Debug|Any CPU
		{826B1CE6-0D09-43BB-80C2-285054CDD255}.Ad-Hoc|iPhoneSimulator.Build.0 = Debug|Any CPU
		{826B1CE6-0D09-43BB-80C2-285054CDD255}.Ad-Hoc|x64.ActiveCfg = Debug|Any CPU
		{826B1CE6-0D09-43BB-80C2-285054CDD255}.Ad-Hoc|x64.Build.0 = Debug|Any CPU
		{826B1CE6-0D09-43BB-80C2-285054CDD255}.AppStore|Any CPU.ActiveCfg = Debug|Any CPU
		{826B1CE6-0D09-43BB-80C2-285054CDD255}.AppStore|Any CPU.Build.0 = Debug|Any CPU
		{826B1CE6-0D09-43BB-80C2-285054CDD255}.AppStore|iPhone.ActiveCfg = Debug|Any CPU
		{826B1CE6-0D09-43BB-80C2-285054CDD255}.AppStore|iPhone.Build.0 = Debug|Any CPU
		{826B1CE6-0D09-43BB-80C2-285054CDD255}.AppStore|iPhoneSimulator.ActiveCfg = Debug|Any CPU
		{826B1CE6-0D09-43BB-80C2-285054CDD255}.AppStore|iPhoneSimulator.Build.0 = Debug|Any CPU
		{826B1CE6-0D09-43BB-80C2-285054CDD255}.AppStore|x64.ActiveCfg = Debug|Any CPU
		{826B1CE6-0D09-43BB-80C2-285054CDD255}.AppStore|x64.Build.0 = Debug|Any CPU
		{826B1CE6-0D09-43BB-80C2-285054CDD255}.Debug|Any CPU.ActiveCfg = Debug|Any CPU
		{826B1CE6-0D09-43BB-80C2-285054CDD255}.Debug|Any CPU.Build.0 = Debug|Any CPU
		{826B1CE6-0D09-43BB-80C2-285054CDD255}.Debug|iPhone.ActiveCfg = Debug|Any CPU
		{826B1CE6-0D09-43BB-80C2-285054CDD255}.Debug|iPhone.Build.0 = Debug|Any CPU
		{826B1CE6-0D09-43BB-80C2-285054CDD255}.Debug|iPhoneSimulator.ActiveCfg = Debug|Any CPU
		{826B1CE6-0D09-43BB-80C2-285054CDD255}.Debug|iPhoneSimulator.Build.0 = Debug|Any CPU
		{826B1CE6-0D09-43BB-80C2-285054CDD255}.Debug|x64.ActiveCfg = Debug|Any CPU
		{826B1CE6-0D09-43BB-80C2-285054CDD255}.Debug|x64.Build.0 = Debug|Any CPU
		{826B1CE6-0D09-43BB-80C2-285054CDD255}.Release|Any CPU.ActiveCfg = Release|Any CPU
		{826B1CE6-0D09-43BB-80C2-285054CDD255}.Release|Any CPU.Build.0 = Release|Any CPU
		{826B1CE6-0D09-43BB-80C2-285054CDD255}.Release|iPhone.ActiveCfg = Release|Any CPU
		{826B1CE6-0D09-43BB-80C2-285054CDD255}.Release|iPhone.Build.0 = Release|Any CPU
		{826B1CE6-0D09-43BB-80C2-285054CDD255}.Release|iPhoneSimulator.ActiveCfg = Release|Any CPU
		{826B1CE6-0D09-43BB-80C2-285054CDD255}.Release|iPhoneSimulator.Build.0 = Release|Any CPU
		{826B1CE6-0D09-43BB-80C2-285054CDD255}.Release|x64.ActiveCfg = Release|Any CPU
		{826B1CE6-0D09-43BB-80C2-285054CDD255}.Release|x64.Build.0 = Release|Any CPU
		{17974CD4-7AEE-461B-9F7B-7C7A40ABF1D5}.Ad-Hoc|Any CPU.ActiveCfg = Debug|Any CPU
		{17974CD4-7AEE-461B-9F7B-7C7A40ABF1D5}.Ad-Hoc|Any CPU.Build.0 = Debug|Any CPU
		{17974CD4-7AEE-461B-9F7B-7C7A40ABF1D5}.Ad-Hoc|Any CPU.Deploy.0 = Debug|Any CPU
		{17974CD4-7AEE-461B-9F7B-7C7A40ABF1D5}.Ad-Hoc|iPhone.ActiveCfg = Debug|Any CPU
		{17974CD4-7AEE-461B-9F7B-7C7A40ABF1D5}.Ad-Hoc|iPhone.Build.0 = Debug|Any CPU
		{17974CD4-7AEE-461B-9F7B-7C7A40ABF1D5}.Ad-Hoc|iPhone.Deploy.0 = Debug|Any CPU
		{17974CD4-7AEE-461B-9F7B-7C7A40ABF1D5}.Ad-Hoc|iPhoneSimulator.ActiveCfg = Debug|Any CPU
		{17974CD4-7AEE-461B-9F7B-7C7A40ABF1D5}.Ad-Hoc|iPhoneSimulator.Build.0 = Debug|Any CPU
		{17974CD4-7AEE-461B-9F7B-7C7A40ABF1D5}.Ad-Hoc|iPhoneSimulator.Deploy.0 = Debug|Any CPU
		{17974CD4-7AEE-461B-9F7B-7C7A40ABF1D5}.Ad-Hoc|x64.ActiveCfg = Release|Any CPU
		{17974CD4-7AEE-461B-9F7B-7C7A40ABF1D5}.AppStore|Any CPU.ActiveCfg = Debug|Any CPU
		{17974CD4-7AEE-461B-9F7B-7C7A40ABF1D5}.AppStore|Any CPU.Build.0 = Debug|Any CPU
		{17974CD4-7AEE-461B-9F7B-7C7A40ABF1D5}.AppStore|Any CPU.Deploy.0 = Debug|Any CPU
		{17974CD4-7AEE-461B-9F7B-7C7A40ABF1D5}.AppStore|iPhone.ActiveCfg = Debug|Any CPU
		{17974CD4-7AEE-461B-9F7B-7C7A40ABF1D5}.AppStore|iPhone.Build.0 = Debug|Any CPU
		{17974CD4-7AEE-461B-9F7B-7C7A40ABF1D5}.AppStore|iPhone.Deploy.0 = Debug|Any CPU
		{17974CD4-7AEE-461B-9F7B-7C7A40ABF1D5}.AppStore|iPhoneSimulator.ActiveCfg = Debug|Any CPU
		{17974CD4-7AEE-461B-9F7B-7C7A40ABF1D5}.AppStore|iPhoneSimulator.Build.0 = Debug|Any CPU
		{17974CD4-7AEE-461B-9F7B-7C7A40ABF1D5}.AppStore|iPhoneSimulator.Deploy.0 = Debug|Any CPU
		{17974CD4-7AEE-461B-9F7B-7C7A40ABF1D5}.AppStore|x64.ActiveCfg = Debug|Any CPU
		{17974CD4-7AEE-461B-9F7B-7C7A40ABF1D5}.AppStore|x64.Build.0 = Debug|Any CPU
		{17974CD4-7AEE-461B-9F7B-7C7A40ABF1D5}.AppStore|x64.Deploy.0 = Debug|Any CPU
		{17974CD4-7AEE-461B-9F7B-7C7A40ABF1D5}.Debug|Any CPU.ActiveCfg = Debug|Any CPU
		{17974CD4-7AEE-461B-9F7B-7C7A40ABF1D5}.Debug|Any CPU.Build.0 = Debug|Any CPU
		{17974CD4-7AEE-461B-9F7B-7C7A40ABF1D5}.Debug|Any CPU.Deploy.0 = Debug|Any CPU
		{17974CD4-7AEE-461B-9F7B-7C7A40ABF1D5}.Debug|iPhone.ActiveCfg = Debug|Any CPU
		{17974CD4-7AEE-461B-9F7B-7C7A40ABF1D5}.Debug|iPhone.Build.0 = Debug|Any CPU
		{17974CD4-7AEE-461B-9F7B-7C7A40ABF1D5}.Debug|iPhone.Deploy.0 = Debug|Any CPU
		{17974CD4-7AEE-461B-9F7B-7C7A40ABF1D5}.Debug|iPhoneSimulator.ActiveCfg = Debug|Any CPU
		{17974CD4-7AEE-461B-9F7B-7C7A40ABF1D5}.Debug|iPhoneSimulator.Build.0 = Debug|Any CPU
		{17974CD4-7AEE-461B-9F7B-7C7A40ABF1D5}.Debug|iPhoneSimulator.Deploy.0 = Debug|Any CPU
		{17974CD4-7AEE-461B-9F7B-7C7A40ABF1D5}.Debug|x64.ActiveCfg = Debug|Any CPU
		{17974CD4-7AEE-461B-9F7B-7C7A40ABF1D5}.Release|Any CPU.ActiveCfg = Release|Any CPU
		{17974CD4-7AEE-461B-9F7B-7C7A40ABF1D5}.Release|Any CPU.Build.0 = Release|Any CPU
		{17974CD4-7AEE-461B-9F7B-7C7A40ABF1D5}.Release|Any CPU.Deploy.0 = Release|Any CPU
		{17974CD4-7AEE-461B-9F7B-7C7A40ABF1D5}.Release|iPhone.ActiveCfg = Release|Any CPU
		{17974CD4-7AEE-461B-9F7B-7C7A40ABF1D5}.Release|iPhone.Build.0 = Release|Any CPU
		{17974CD4-7AEE-461B-9F7B-7C7A40ABF1D5}.Release|iPhone.Deploy.0 = Release|Any CPU
		{17974CD4-7AEE-461B-9F7B-7C7A40ABF1D5}.Release|iPhoneSimulator.ActiveCfg = Release|Any CPU
		{17974CD4-7AEE-461B-9F7B-7C7A40ABF1D5}.Release|iPhoneSimulator.Build.0 = Release|Any CPU
		{17974CD4-7AEE-461B-9F7B-7C7A40ABF1D5}.Release|iPhoneSimulator.Deploy.0 = Release|Any CPU
		{17974CD4-7AEE-461B-9F7B-7C7A40ABF1D5}.Release|x64.ActiveCfg = Release|Any CPU
		{53A28D38-5938-4DB9-A06B-C150CD50CCA4}.Ad-Hoc|Any CPU.ActiveCfg = Ad-Hoc|iPhoneSimulator
		{53A28D38-5938-4DB9-A06B-C150CD50CCA4}.Ad-Hoc|iPhone.ActiveCfg = Ad-Hoc|iPhone
		{53A28D38-5938-4DB9-A06B-C150CD50CCA4}.Ad-Hoc|iPhone.Build.0 = Ad-Hoc|iPhone
		{53A28D38-5938-4DB9-A06B-C150CD50CCA4}.Ad-Hoc|iPhoneSimulator.ActiveCfg = Ad-Hoc|iPhoneSimulator
		{53A28D38-5938-4DB9-A06B-C150CD50CCA4}.Ad-Hoc|iPhoneSimulator.Build.0 = Ad-Hoc|iPhoneSimulator
		{53A28D38-5938-4DB9-A06B-C150CD50CCA4}.Ad-Hoc|x64.ActiveCfg = Ad-Hoc|iPhoneSimulator
		{53A28D38-5938-4DB9-A06B-C150CD50CCA4}.AppStore|Any CPU.ActiveCfg = AppStore|iPhoneSimulator
		{53A28D38-5938-4DB9-A06B-C150CD50CCA4}.AppStore|iPhone.ActiveCfg = AppStore|iPhone
		{53A28D38-5938-4DB9-A06B-C150CD50CCA4}.AppStore|iPhone.Build.0 = AppStore|iPhone
		{53A28D38-5938-4DB9-A06B-C150CD50CCA4}.AppStore|iPhoneSimulator.ActiveCfg = AppStore|iPhoneSimulator
		{53A28D38-5938-4DB9-A06B-C150CD50CCA4}.AppStore|iPhoneSimulator.Build.0 = AppStore|iPhoneSimulator
		{53A28D38-5938-4DB9-A06B-C150CD50CCA4}.AppStore|x64.ActiveCfg = AppStore|iPhoneSimulator
		{53A28D38-5938-4DB9-A06B-C150CD50CCA4}.Debug|Any CPU.ActiveCfg = Debug|iPhoneSimulator
		{53A28D38-5938-4DB9-A06B-C150CD50CCA4}.Debug|iPhone.ActiveCfg = Debug|iPhone
		{53A28D38-5938-4DB9-A06B-C150CD50CCA4}.Debug|iPhone.Build.0 = Debug|iPhone
		{53A28D38-5938-4DB9-A06B-C150CD50CCA4}.Debug|iPhoneSimulator.ActiveCfg = Debug|iPhoneSimulator
		{53A28D38-5938-4DB9-A06B-C150CD50CCA4}.Debug|iPhoneSimulator.Build.0 = Debug|iPhoneSimulator
		{53A28D38-5938-4DB9-A06B-C150CD50CCA4}.Debug|x64.ActiveCfg = Debug|iPhoneSimulator
		{53A28D38-5938-4DB9-A06B-C150CD50CCA4}.Release|Any CPU.ActiveCfg = Release|iPhoneSimulator
		{53A28D38-5938-4DB9-A06B-C150CD50CCA4}.Release|iPhone.ActiveCfg = Release|iPhone
		{53A28D38-5938-4DB9-A06B-C150CD50CCA4}.Release|iPhone.Build.0 = Release|iPhone
		{53A28D38-5938-4DB9-A06B-C150CD50CCA4}.Release|iPhoneSimulator.ActiveCfg = Release|iPhoneSimulator
		{53A28D38-5938-4DB9-A06B-C150CD50CCA4}.Release|iPhoneSimulator.Build.0 = Release|iPhoneSimulator
		{53A28D38-5938-4DB9-A06B-C150CD50CCA4}.Release|x64.ActiveCfg = Release|iPhoneSimulator
	EndGlobalSection
	GlobalSection(SolutionProperties) = preSolution
		HideSolutionNode = FALSE
	EndGlobalSection
	GlobalSection(ExtensibilityGlobals) = postSolution
		SolutionGuid = {30D34E5F-69FD-4DB8-AB44-D16E93D7D41D}
	EndGlobalSection
EndGlobal
